// !$*UTF8*$!
{
	archiveVersion = 1;
	classes = {
	};
	objectVersion = 46;
	objects = {

/* Begin PBXBuildFile section */
		4564213224C98E27009C82A5 /* BasicDataType.m in Sources */ = {isa = PBXBuildFile; fileRef = 4564213124C98E27009C82A5 /* BasicDataType.m */; };
		4564213824C99628009C82A5 /* Property.m in Sources */ = {isa = PBXBuildFile; fileRef = 4564213724C99628009C82A5 /* Property.m */; settings = {COMPILER_FLAGS = "-fno-objc-arc"; }; };
		4564213B24C99791009C82A5 /* ProtocolAndCategory.m in Sources */ = {isa = PBXBuildFile; fileRef = 4564213A24C99791009C82A5 /* ProtocolAndCategory.m */; };
		4564213E24C99824009C82A5 /* Thread.m in Sources */ = {isa = PBXBuildFile; fileRef = 4564213D24C99824009C82A5 /* Thread.m */; };
		4564214224C9D57A009C82A5 /* Parent.m in Sources */ = {isa = PBXBuildFile; fileRef = 4564214124C9D57A009C82A5 /* Parent.m */; };
		4564214524C9D588009C82A5 /* Son.m in Sources */ = {isa = PBXBuildFile; fileRef = 4564214424C9D588009C82A5 /* Son.m */; };
		4564214824C9D5C2009C82A5 /* Parent+Category.m in Sources */ = {isa = PBXBuildFile; fileRef = 4564214724C9D5C2009C82A5 /* Parent+Category.m */; };
		4564214B24C9D5D7009C82A5 /* Son+Category.m in Sources */ = {isa = PBXBuildFile; fileRef = 4564214A24C9D5D7009C82A5 /* Son+Category.m */; };
		457AEC6A2499BBB2004A74CB /* MyTest+CategoryPrivate.m in Sources */ = {isa = PBXBuildFile; fileRef = 457AEC692499BBB2004A74CB /* MyTest+CategoryPrivate.m */; };
		C54F98BF1BE8F6480035E65D /* MyTest.m in Sources */ = {isa = PBXBuildFile; fileRef = C54F98BE1BE8F6480035E65D /* MyTest.m */; };
		C5C2F01A1BD5472500DD8027 /* main.m in Sources */ = {isa = PBXBuildFile; fileRef = C5C2F0191BD5472500DD8027 /* main.m */; };
		C5C2F0251BD549E400DD8027 /* Dog.m in Sources */ = {isa = PBXBuildFile; fileRef = C5C2F0241BD549E400DD8027 /* Dog.m */; };
/* End PBXBuildFile section */

/* Begin PBXCopyFilesBuildPhase section */
		C5C2F0141BD5472500DD8027 /* CopyFiles */ = {
			isa = PBXCopyFilesBuildPhase;
			buildActionMask = 2147483647;
			dstPath = /usr/share/man/man1/;
			dstSubfolderSpec = 0;
			files = (
			);
			runOnlyForDeploymentPostprocessing = 1;
		};
/* End PBXCopyFilesBuildPhase section */

/* Begin PBXFileReference section */
		4564213024C98E27009C82A5 /* BasicDataType.h */ = {isa = PBXFileReference; lastKnownFileType = sourcecode.c.h; path = BasicDataType.h; sourceTree = "<group>"; };
		4564213124C98E27009C82A5 /* BasicDataType.m */ = {isa = PBXFileReference; lastKnownFileType = sourcecode.c.objc; path = BasicDataType.m; sourceTree = "<group>"; };
		4564213424C99137009C82A5 /* OSXTest-PrefixHeader.pch */ = {isa = PBXFileReference; lastKnownFileType = sourcecode.c.h; path = "OSXTest-PrefixHeader.pch"; sourceTree = "<group>"; };
		4564213624C99628009C82A5 /* Property.h */ = {isa = PBXFileReference; lastKnownFileType = sourcecode.c.h; path = Property.h; sourceTree = "<group>"; };
		4564213724C99628009C82A5 /* Property.m */ = {isa = PBXFileReference; lastKnownFileType = sourcecode.c.objc; path = Property.m; sourceTree = "<group>"; };
		4564213924C99791009C82A5 /* ProtocolAndCategory.h */ = {isa = PBXFileReference; lastKnownFileType = sourcecode.c.h; path = ProtocolAndCategory.h; sourceTree = "<group>"; };
		4564213A24C99791009C82A5 /* ProtocolAndCategory.m */ = {isa = PBXFileReference; lastKnownFileType = sourcecode.c.objc; path = ProtocolAndCategory.m; sourceTree = "<group>"; };
		4564213C24C99824009C82A5 /* Thread.h */ = {isa = PBXFileReference; lastKnownFileType = sourcecode.c.h; path = Thread.h; sourceTree = "<group>"; };
		4564213D24C99824009C82A5 /* Thread.m */ = {isa = PBXFileReference; lastKnownFileType = sourcecode.c.objc; path = Thread.m; sourceTree = "<group>"; };
		4564213F24C9B985009C82A5 /* README.md */ = {isa = PBXFileReference; lastKnownFileType = net.daringfireball.markdown; path = README.md; sourceTree = "<group>"; };
		4564214024C9D57A009C82A5 /* Parent.h */ = {isa = PBXFileReference; lastKnownFileType = sourcecode.c.h; path = Parent.h; sourceTree = "<group>"; };
		4564214124C9D57A009C82A5 /* Parent.m */ = {isa = PBXFileReference; lastKnownFileType = sourcecode.c.objc; path = Parent.m; sourceTree = "<group>"; };
		4564214324C9D588009C82A5 /* Son.h */ = {isa = PBXFileReference; lastKnownFileType = sourcecode.c.h; path = Son.h; sourceTree = "<group>"; };
		4564214424C9D588009C82A5 /* Son.m */ = {isa = PBXFileReference; lastKnownFileType = sourcecode.c.objc; path = Son.m; sourceTree = "<group>"; };
		4564214624C9D5C2009C82A5 /* Parent+Category.h */ = {isa = PBXFileReference; lastKnownFileType = sourcecode.c.h; path = "Parent+Category.h"; sourceTree = "<group>"; };
		4564214724C9D5C2009C82A5 /* Parent+Category.m */ = {isa = PBXFileReference; lastKnownFileType = sourcecode.c.objc; path = "Parent+Category.m"; sourceTree = "<group>"; };
		4564214924C9D5D7009C82A5 /* Son+Category.h */ = {isa = PBXFileReference; lastKnownFileType = sourcecode.c.h; path = "Son+Category.h"; sourceTree = "<group>"; };
		4564214A24C9D5D7009C82A5 /* Son+Category.m */ = {isa = PBXFileReference; lastKnownFileType = sourcecode.c.objc; path = "Son+Category.m"; sourceTree = "<group>"; };
		457AEC682499BBB2004A74CB /* MyTest+CategoryPrivate.h */ = {isa = PBXFileReference; lastKnownFileType = sourcecode.c.h; path = "MyTest+CategoryPrivate.h"; sourceTree = "<group>"; };
		457AEC692499BBB2004A74CB /* MyTest+CategoryPrivate.m */ = {isa = PBXFileReference; lastKnownFileType = sourcecode.c.objc; path = "MyTest+CategoryPrivate.m"; sourceTree = "<group>"; };
		C54F98BC1BE8F61B0035E65D /* MyProtocol.h */ = {isa = PBXFileReference; fileEncoding = 4; lastKnownFileType = sourcecode.c.h; path = MyProtocol.h; sourceTree = "<group>"; };
		C54F98BD1BE8F6480035E65D /* MyTest.h */ = {isa = PBXFileReference; fileEncoding = 4; lastKnownFileType = sourcecode.c.h; path = MyTest.h; sourceTree = "<group>"; };
		C54F98BE1BE8F6480035E65D /* MyTest.m */ = {isa = PBXFileReference; fileEncoding = 4; lastKnownFileType = sourcecode.c.objc; path = MyTest.m; sourceTree = "<group>"; };
		C5C2F0161BD5472500DD8027 /* OSXTest */ = {isa = PBXFileReference; explicitFileType = "compiled.mach-o.executable"; includeInIndex = 0; path = OSXTest; sourceTree = BUILT_PRODUCTS_DIR; };
		C5C2F0191BD5472500DD8027 /* main.m */ = {isa = PBXFileReference; lastKnownFileType = sourcecode.c.objc; path = main.m; sourceTree = "<group>"; };
		C5C2F0231BD549E400DD8027 /* Dog.h */ = {isa = PBXFileReference; fileEncoding = 4; lastKnownFileType = sourcecode.c.h; path = Dog.h; sourceTree = "<group>"; };
		C5C2F0241BD549E400DD8027 /* Dog.m */ = {isa = PBXFileReference; fileEncoding = 4; lastKnownFileType = sourcecode.c.objc; path = Dog.m; sourceTree = "<group>"; };
/* End PBXFileReference section */

/* Begin PBXFrameworksBuildPhase section */
		C5C2F0131BD5472500DD8027 /* Frameworks */ = {
			isa = PBXFrameworksBuildPhase;
			buildActionMask = 2147483647;
			files = (
			);
			runOnlyForDeploymentPostprocessing = 0;
		};
/* End PBXFrameworksBuildPhase section */

/* Begin PBXGroup section */
		4564212C24C98D2F009C82A5 /* load */ = {
			isa = PBXGroup;
			children = (
				4564214024C9D57A009C82A5 /* Parent.h */,
				4564214124C9D57A009C82A5 /* Parent.m */,
				4564214324C9D588009C82A5 /* Son.h */,
				4564214424C9D588009C82A5 /* Son.m */,
				4564214624C9D5C2009C82A5 /* Parent+Category.h */,
				4564214724C9D5C2009C82A5 /* Parent+Category.m */,
				4564214924C9D5D7009C82A5 /* Son+Category.h */,
				4564214A24C9D5D7009C82A5 /* Son+Category.m */,
			);
			path = load;
			sourceTree = "<group>";
		};
		4564212D24C98D7F009C82A5 /* basic */ = {
			isa = PBXGroup;
			children = (
				4564213024C98E27009C82A5 /* BasicDataType.h */,
				4564213124C98E27009C82A5 /* BasicDataType.m */,
			);
			path = basic;
			sourceTree = "<group>";
		};
		4564212E24C98D99009C82A5 /* thread */ = {
			isa = PBXGroup;
			children = (
				4564213C24C99824009C82A5 /* Thread.h */,
				4564213D24C99824009C82A5 /* Thread.m */,
			);
			path = thread;
			sourceTree = "<group>";
		};
		4564212F24C98DB5009C82A5 /* protocolandcategory */ = {
			isa = PBXGroup;
			children = (
				C54F98BC1BE8F61B0035E65D /* MyProtocol.h */,
				C54F98BD1BE8F6480035E65D /* MyTest.h */,
				C54F98BE1BE8F6480035E65D /* MyTest.m */,
				457AEC682499BBB2004A74CB /* MyTest+CategoryPrivate.h */,
				457AEC692499BBB2004A74CB /* MyTest+CategoryPrivate.m */,
				4564213924C99791009C82A5 /* ProtocolAndCategory.h */,
				4564213A24C99791009C82A5 /* ProtocolAndCategory.m */,
			);
			path = protocolandcategory;
			sourceTree = "<group>";
		};
		4564213524C9958C009C82A5 /* property */ = {
			isa = PBXGroup;
			children = (
				C5C2F0231BD549E400DD8027 /* Dog.h */,
				C5C2F0241BD549E400DD8027 /* Dog.m */,
				4564213624C99628009C82A5 /* Property.h */,
				4564213724C99628009C82A5 /* Property.m */,
			);
			path = property;
			sourceTree = "<group>";
		};
		C5C2F00D1BD5472500DD8027 = {
			isa = PBXGroup;
			children = (
				C5C2F0181BD5472500DD8027 /* OSXTest */,
				C5C2F0171BD5472500DD8027 /* Products */,
				4564213F24C9B985009C82A5 /* README.md */,
			);
			sourceTree = "<group>";
		};
		C5C2F0171BD5472500DD8027 /* Products */ = {
			isa = PBXGroup;
			children = (
				C5C2F0161BD5472500DD8027 /* OSXTest */,
			);
			name = Products;
			sourceTree = "<group>";
		};
		C5C2F0181BD5472500DD8027 /* OSXTest */ = {
			isa = PBXGroup;
			children = (
				4564212D24C98D7F009C82A5 /* basic */,
				4564213524C9958C009C82A5 /* property */,
				4564212F24C98DB5009C82A5 /* protocolandcategory */,
				4564212E24C98D99009C82A5 /* thread */,
				4564212C24C98D2F009C82A5 /* load */,
				C5C2F0191BD5472500DD8027 /* main.m */,
				4564213424C99137009C82A5 /* OSXTest-PrefixHeader.pch */,
			);
			path = OSXTest;
			sourceTree = "<group>";
		};
/* End PBXGroup section */

/* Begin PBXNativeTarget section */
		C5C2F0151BD5472500DD8027 /* OSXTest */ = {
			isa = PBXNativeTarget;
			buildConfigurationList = C5C2F01D1BD5472500DD8027 /* Build configuration list for PBXNativeTarget "OSXTest" */;
			buildPhases = (
				C5C2F0121BD5472500DD8027 /* Sources */,
				C5C2F0131BD5472500DD8027 /* Frameworks */,
				C5C2F0141BD5472500DD8027 /* CopyFiles */,
			);
			buildRules = (
			);
			dependencies = (
			);
			name = OSXTest;
			productName = OSXTest;
			productReference = C5C2F0161BD5472500DD8027 /* OSXTest */;
			productType = "com.apple.product-type.tool";
		};
/* End PBXNativeTarget section */

/* Begin PBXProject section */
		C5C2F00E1BD5472500DD8027 /* Project object */ = {
			isa = PBXProject;
			attributes = {
				LastUpgradeCheck = 0700;
				ORGANIZATIONNAME = east;
				TargetAttributes = {
					C5C2F0151BD5472500DD8027 = {
						CreatedOnToolsVersion = 7.0.1;
					};
				};
			};
			buildConfigurationList = C5C2F0111BD5472500DD8027 /* Build configuration list for PBXProject "OSXTest" */;
			compatibilityVersion = "Xcode 3.2";
			developmentRegion = English;
			hasScannedForEncodings = 0;
			knownRegions = (
				English,
				en,
			);
			mainGroup = C5C2F00D1BD5472500DD8027;
			productRefGroup = C5C2F0171BD5472500DD8027 /* Products */;
			projectDirPath = "";
			projectRoot = "";
			targets = (
				C5C2F0151BD5472500DD8027 /* OSXTest */,
			);
		};
/* End PBXProject section */

/* Begin PBXSourcesBuildPhase section */
		C5C2F0121BD5472500DD8027 /* Sources */ = {
			isa = PBXSourcesBuildPhase;
			buildActionMask = 2147483647;
			files = (
				C5C2F0251BD549E400DD8027 /* Dog.m in Sources */,
				457AEC6A2499BBB2004A74CB /* MyTest+CategoryPrivate.m in Sources */,
				4564213824C99628009C82A5 /* Property.m in Sources */,
				4564213E24C99824009C82A5 /* Thread.m in Sources */,
				C54F98BF1BE8F6480035E65D /* MyTest.m in Sources */,
				4564214224C9D57A009C82A5 /* Parent.m in Sources */,
				4564214524C9D588009C82A5 /* Son.m in Sources */,
				4564213224C98E27009C82A5 /* BasicDataType.m in Sources */,
				C5C2F01A1BD5472500DD8027 /* main.m in Sources */,
				4564214824C9D5C2009C82A5 /* Parent+Category.m in Sources */,
				4564214B24C9D5D7009C82A5 /* Son+Category.m in Sources */,
				4564213B24C99791009C82A5 /* ProtocolAndCategory.m in Sources */,
			);
			runOnlyForDeploymentPostprocessing = 0;
		};
/* End PBXSourcesBuildPhase section */

/* Begin XCBuildConfiguration section */
		C5C2F01B1BD5472500DD8027 /* Debug */ = {
			isa = XCBuildConfiguration;
			buildSettings = {
				ALWAYS_SEARCH_USER_PATHS = NO;
				CLANG_CXX_LANGUAGE_STANDARD = "gnu++0x";
				CLANG_CXX_LIBRARY = "libc++";
				CLANG_ENABLE_MODULES = YES;
				CLANG_ENABLE_OBJC_ARC = YES;
				CLANG_WARN_BOOL_CONVERSION = YES;
				CLANG_WARN_CONSTANT_CONVERSION = YES;
				CLANG_WARN_DIRECT_OBJC_ISA_USAGE = YES_ERROR;
				CLANG_WARN_EMPTY_BODY = YES;
				CLANG_WARN_ENUM_CONVERSION = YES;
				CLANG_WARN_INT_CONVERSION = YES;
				CLANG_WARN_OBJC_ROOT_CLASS = YES_ERROR;
				CLANG_WARN_UNREACHABLE_CODE = YES;
				CLANG_WARN__DUPLICATE_METHOD_MATCH = YES;
				COPY_PHASE_STRIP = NO;
				DEBUG_INFORMATION_FORMAT = dwarf;
				ENABLE_STRICT_OBJC_MSGSEND = YES;
				ENABLE_TESTABILITY = YES;
				GCC_C_LANGUAGE_STANDARD = gnu99;
				GCC_DYNAMIC_NO_PIC = NO;
				GCC_NO_COMMON_BLOCKS = YES;
				GCC_OPTIMIZATION_LEVEL = 0;
				GCC_PREPROCESSOR_DEFINITIONS = (
					"DEBUG=1",
					"$(inherited)",
				);
				GCC_WARN_64_TO_32_BIT_CONVERSION = YES;
				GCC_WARN_ABOUT_RETURN_TYPE = YES_ERROR;
				GCC_WARN_UNDECLARED_SELECTOR = YES;
				GCC_WARN_UNINITIALIZED_AUTOS = YES_AGGRESSIVE;
				GCC_WARN_UNUSED_FUNCTION = YES;
				GCC_WARN_UNUSED_VARIABLE = YES;
				MACOSX_DEPLOYMENT_TARGET = 10.11;
				MTL_ENABLE_DEBUG_INFO = YES;
				ONLY_ACTIVE_ARCH = YES;
				SDKROOT = macosx;
			};
			name = Debug;
		};
		C5C2F01C1BD5472500DD8027 /* Release */ = {
			isa = XCBuildConfiguration;
			buildSettings = {
				ALWAYS_SEARCH_USER_PATHS = NO;
				CLANG_CXX_LANGUAGE_STANDARD = "gnu++0x";
				CLANG_CXX_LIBRARY = "libc++";
				CLANG_ENABLE_MODULES = YES;
				CLANG_ENABLE_OBJC_ARC = YES;
				CLANG_WARN_BOOL_CONVERSION = YES;
				CLANG_WARN_CONSTANT_CONVERSION = YES;
				CLANG_WARN_DIRECT_OBJC_ISA_USAGE = YES_ERROR;
				CLANG_WARN_EMPTY_BODY = YES;
				CLANG_WARN_ENUM_CONVERSION = YES;
				CLANG_WARN_INT_CONVERSION = YES;
				CLANG_WARN_OBJC_ROOT_CLASS = YES_ERROR;
				CLANG_WARN_UNREACHABLE_CODE = YES;
				CLANG_WARN__DUPLICATE_METHOD_MATCH = YES;
				COPY_PHASE_STRIP = NO;
				DEBUG_INFORMATION_FORMAT = "dwarf-with-dsym";
				ENABLE_NS_ASSERTIONS = NO;
				ENABLE_STRICT_OBJC_MSGSEND = YES;
				GCC_C_LANGUAGE_STANDARD = gnu99;
				GCC_NO_COMMON_BLOCKS = YES;
				GCC_WARN_64_TO_32_BIT_CONVERSION = YES;
				GCC_WARN_ABOUT_RETURN_TYPE = YES_ERROR;
				GCC_WARN_UNDECLARED_SELECTOR = YES;
				GCC_WARN_UNINITIALIZED_AUTOS = YES_AGGRESSIVE;
				GCC_WARN_UNUSED_FUNCTION = YES;
				GCC_WARN_UNUSED_VARIABLE = YES;
				MACOSX_DEPLOYMENT_TARGET = 10.11;
				MTL_ENABLE_DEBUG_INFO = NO;
				SDKROOT = macosx;
			};
			name = Release;
		};
		C5C2F01E1BD5472500DD8027 /* Debug */ = {
			isa = XCBuildConfiguration;
			buildSettings = {
				GCC_PRECOMPILE_PREFIX_HEADER = YES;
				GCC_PREFIX_HEADER = "$(SRCROOT)/OSXTest/OSXTest-PrefixHeader.pch";
				PRODUCT_NAME = "$(TARGET_NAME)";
			};
			name = Debug;
		};
		C5C2F01F1BD5472500DD8027 /* Release */ = {
			isa = XCBuildConfiguration;
			buildSettings = {
				GCC_PRECOMPILE_PREFIX_HEADER = YES;
				GCC_PREFIX_HEADER = "$(SRCROOT)/OSXTest/OSXTest-PrefixHeader.pch";
				PRODUCT_NAME = "$(TARGET_NAME)";
			};
			name = Release;
		};
/* End XCBuildConfiguration section */

/* Begin XCConfigurationList section */
		C5C2F0111BD5472500DD8027 /* Build configuration list for PBXProject "OSXTest" */ = {
			isa = XCConfigurationList;
			buildConfigurations = (
				C5C2F01B1BD5472500DD8027 /* Debug */,
				C5C2F01C1BD5472500DD8027 /* Release */,
			);
			defaultConfigurationIsVisible = 0;
			defaultConfigurationName = Release;
		};
		C5C2F01D1BD5472500DD8027 /* Build configuration list for PBXNativeTarget "OSXTest" */ = {
			isa = XCConfigurationList;
			buildConfigurations = (
				C5C2F01E1BD5472500DD8027 /* Debug */,
				C5C2F01F1BD5472500DD8027 /* Release */,
			);
			defaultConfigurationIsVisible = 0;
			defaultConfigurationName = Release;
		};
/* End XCConfigurationList section */
	};
	rootObject = C5C2F00E1BD5472500DD8027 /* Project object */;
}
